
Microsoft Visual Studio Solution File, Format Version 12.00
# Visual Studio 2015
Project("{FAE04EC0-301F-11D3-BF4B-00C04F79EFBC}") = "forloops", "forloops.csproj", "{09E6DD06-4A40-CA6F-723E-111C6633410D}"
EndProject
Global
	GlobalSection(SolutionConfigurationPlatforms) = preSolution
		Debug|Any CPU = Debug|Any CPU
		Release|Any CPU = Release|Any CPU
	EndGlobalSection
	GlobalSection(ProjectConfigurationPlatforms) = postSolution
		{09E6DD06-4A40-CA6F-723E-111C6633410D}.Debug|Any CPU.ActiveCfg = Debug|Any CPU
		{09E6DD06-4A40-CA6F-723E-111C6633410D}.Debug|Any CPU.Build.0 = Debug|Any CPU
		{09E6DD06-4A40-CA6F-723E-111C6633410D}.Release|Any CPU.ActiveCfg = Release|Any CPU
		{09E6DD06-4A40-CA6F-723E-111C6633410D}.Release|Any CPU.Build.0 = Release|Any CPU
	EndGlobalSection
	GlobalSection(SolutionProperties) = preSolution
		HideSolutionNode = FALSE
	EndGlobalSection
EndGlobal
